
Microsoft Visual Studio Solution File, Format Version 12.00
# Visual Studio Version 17
VisualStudioVersion = 17.10.35122.118
MinimumVisualStudioVersion = 10.0.40219.1
Project("{FAE04EC0-301F-11D3-BF4B-00C04F79EFBC}") = "Program", "Program\Program.csproj", "{F3DFFE45-E3D2-4253-9210-9A6EA7C2AE24}"
EndProject
Global
	GlobalSection(SolutionConfigurationPlatforms) = preSolution
		Debug|Any CPU = Debug|Any CPU
		Release|Any CPU = Release|Any CPU
	EndGlobalSection
	GlobalSection(ProjectConfigurationPlatforms) = postSolution
		{F3DFFE45-E3D2-4253-9210-9A6EA7C2AE24}.Debug|Any CPU.ActiveCfg = Debug|Any CPU
		{F3DFFE45-E3D2-4253-9210-9A6EA7C2AE24}.Debug|Any CPU.Build.0 = Debug|Any CPU
		{F3DFFE45-E3D2-4253-9210-9A6EA7C2AE24}.Release|Any CPU.ActiveCfg = Release|Any CPU
		{F3DFFE45-E3D2-4253-9210-9A6EA7C2AE24}.Release|Any CPU.Build.0 = Release|Any CPU
	EndGlobalSection
	GlobalSection(SolutionProperties) = preSolution
		HideSolutionNode = FALSE
	EndGlobalSection
	GlobalSection(ExtensibilityGlobals) = postSolution
		SolutionGuid = {E996069C-92AC-4504-8BCC-DAC0B125C7F5}
	EndGlobalSection
EndGlobal
